// !$*UTF8*$!
{
	archiveVersion = 1;
	classes = {
	};
	objectVersion = 56;
	objects = {

/* Begin PBXBuildFile section */
		B346B69628F9459B009F5533 /* AppDelegate.swift in Sources */ = {isa = PBXBuildFile; fileRef = B346B69528F9459B009F5533 /* AppDelegate.swift */; };
		B346B69828F9459B009F5533 /* SceneDelegate.swift in Sources */ = {isa = PBXBuildFile; fileRef = B346B69728F9459B009F5533 /* SceneDelegate.swift */; };
		B346B69A28F9459B009F5533 /* MainViewController.swift in Sources */ = {isa = PBXBuildFile; fileRef = B346B69928F9459B009F5533 /* MainViewController.swift */; };
		B346B69F28F9459D009F5533 /* Assets.xcassets in Resources */ = {isa = PBXBuildFile; fileRef = B346B69E28F9459D009F5533 /* Assets.xcassets */; };
		B346B6A228F9459D009F5533 /* LaunchScreen.storyboard in Resources */ = {isa = PBXBuildFile; fileRef = B346B6A028F9459D009F5533 /* LaunchScreen.storyboard */; };
		B3580E402902643500D3491E /* BasicTableViewController.swift in Sources */ = {isa = PBXBuildFile; fileRef = B3580E3F2902643500D3491E /* BasicTableViewController.swift */; };
		B3580E442902651400D3491E /* BasicTableView.swift in Sources */ = {isa = PBXBuildFile; fileRef = B3580E432902651400D3491E /* BasicTableView.swift */; };
		B3580E462902652800D3491E /* BaseView.swift in Sources */ = {isa = PBXBuildFile; fileRef = B3580E452902652800D3491E /* BaseView.swift */; };
		B3580E482902653A00D3491E /* BaseViewController.swift in Sources */ = {isa = PBXBuildFile; fileRef = B3580E472902653A00D3491E /* BaseViewController.swift */; };
		B3580E4A290282AA00D3491E /* CustomTableViewController.swift in Sources */ = {isa = PBXBuildFile; fileRef = B3580E49290282AA00D3491E /* CustomTableViewController.swift */; };
		B3580E4D290282D200D3491E /* CustomTableView.swift in Sources */ = {isa = PBXBuildFile; fileRef = B3580E4C290282D200D3491E /* CustomTableView.swift */; };
		B389161A29076B4B003AE1AC /* CustomTableViewCell.swift in Sources */ = {isa = PBXBuildFile; fileRef = B389161929076B4B003AE1AC /* CustomTableViewCell.swift */; };
		B389161C29079FA8003AE1AC /* ExpandableViewController.swift in Sources */ = {isa = PBXBuildFile; fileRef = B389161B29079FA8003AE1AC /* ExpandableViewController.swift */; };
		B389161E29079FF0003AE1AC /* ExpandableTableView.swift in Sources */ = {isa = PBXBuildFile; fileRef = B389161D29079FF0003AE1AC /* ExpandableTableView.swift */; };
		B38916202907A11B003AE1AC /* ExpandableCellData.swift in Sources */ = {isa = PBXBuildFile; fileRef = B389161F2907A11B003AE1AC /* ExpandableCellData.swift */; };
		B38916222907A6F7003AE1AC /* ExpandableTableViewCell.swift in Sources */ = {isa = PBXBuildFile; fileRef = B38916212907A6F7003AE1AC /* ExpandableTableViewCell.swift */; };
		B38916262908C746003AE1AC /* PermissionViewController.swift in Sources */ = {isa = PBXBuildFile; fileRef = B38916252908C746003AE1AC /* PermissionViewController.swift */; };
		B38916282908C755003AE1AC /* PermissionView.swift in Sources */ = {isa = PBXBuildFile; fileRef = B38916272908C755003AE1AC /* PermissionView.swift */; };
		B389162D290A63D7003AE1AC /* CameraViewController.swift in Sources */ = {isa = PBXBuildFile; fileRef = B389162C290A63D7003AE1AC /* CameraViewController.swift */; };
		B389162F290A66C5003AE1AC /* CameraView.swift in Sources */ = {isa = PBXBuildFile; fileRef = B389162E290A66C5003AE1AC /* CameraView.swift */; };
		B3891631290BBEB9003AE1AC /* GalleryView.swift in Sources */ = {isa = PBXBuildFile; fileRef = B3891630290BBEB9003AE1AC /* GalleryView.swift */; };
		B3891633290BBECB003AE1AC /* GalleryViewController.swift in Sources */ = {isa = PBXBuildFile; fileRef = B3891632290BBECB003AE1AC /* GalleryViewController.swift */; };
		B3B9BC5428FD357B001254FC /* MainViewController+WKNavigationDelegate.swift in Sources */ = {isa = PBXBuildFile; fileRef = B3B9BC5328FD357B001254FC /* MainViewController+WKNavigationDelegate.swift */; };
		B3B9BC5628FD3C93001254FC /* MainViewController+WKUIDelegate.swift in Sources */ = {isa = PBXBuildFile; fileRef = B3B9BC5528FD3C93001254FC /* MainViewController+WKUIDelegate.swift */; };
		B3B9BC5A28FE83B3001254FC /* IntroView.swift in Sources */ = {isa = PBXBuildFile; fileRef = B3B9BC5928FE83B3001254FC /* IntroView.swift */; };
		B3B9BC5C28FF80BC001254FC /* MainView.swift in Sources */ = {isa = PBXBuildFile; fileRef = B3B9BC5B28FF80BC001254FC /* MainView.swift */; };
		B3B9BC5F28FFB1F7001254FC /* WebView.swift in Sources */ = {isa = PBXBuildFile; fileRef = B3B9BC5E28FFB1F7001254FC /* WebView.swift */; };
		B3B9BC6128FFCA27001254FC /* SubViewController.swift in Sources */ = {isa = PBXBuildFile; fileRef = B3B9BC6028FFCA27001254FC /* SubViewController.swift */; };
		B3B9BC6328FFCA47001254FC /* SubView.swift in Sources */ = {isa = PBXBuildFile; fileRef = B3B9BC6228FFCA47001254FC /* SubView.swift */; };
		B3B9BC68290136D5001254FC /* WKWebViewConfiguration.swift in Sources */ = {isa = PBXBuildFile; fileRef = B3B9BC67290136D5001254FC /* WKWebViewConfiguration.swift */; };
/* End PBXBuildFile section */

/* Begin PBXFileReference section */
		B346B69228F9459B009F5533 /* webView_swift.app */ = {isa = PBXFileReference; explicitFileType = wrapper.application; includeInIndex = 0; path = webView_swift.app; sourceTree = BUILT_PRODUCTS_DIR; };
		B346B69528F9459B009F5533 /* AppDelegate.swift */ = {isa = PBXFileReference; lastKnownFileType = sourcecode.swift; path = AppDelegate.swift; sourceTree = "<group>"; };
		B346B69728F9459B009F5533 /* SceneDelegate.swift */ = {isa = PBXFileReference; lastKnownFileType = sourcecode.swift; path = SceneDelegate.swift; sourceTree = "<group>"; };
		B346B69928F9459B009F5533 /* MainViewController.swift */ = {isa = PBXFileReference; lastKnownFileType = sourcecode.swift; path = MainViewController.swift; sourceTree = "<group>"; };
		B346B69E28F9459D009F5533 /* Assets.xcassets */ = {isa = PBXFileReference; lastKnownFileType = folder.assetcatalog; path = Assets.xcassets; sourceTree = "<group>"; };
		B346B6A128F9459D009F5533 /* Base */ = {isa = PBXFileReference; lastKnownFileType = file.storyboard; name = Base; path = Base.lproj/LaunchScreen.storyboard; sourceTree = "<group>"; };
		B346B6A328F9459D009F5533 /* Info.plist */ = {isa = PBXFileReference; lastKnownFileType = text.plist.xml; path = Info.plist; sourceTree = "<group>"; };
		B3580E3F2902643500D3491E /* BasicTableViewController.swift */ = {isa = PBXFileReference; lastKnownFileType = sourcecode.swift; path = BasicTableViewController.swift; sourceTree = "<group>"; };
		B3580E432902651400D3491E /* BasicTableView.swift */ = {isa = PBXFileReference; lastKnownFileType = sourcecode.swift; path = BasicTableView.swift; sourceTree = "<group>"; };
		B3580E452902652800D3491E /* BaseView.swift */ = {isa = PBXFileReference; lastKnownFileType = sourcecode.swift; path = BaseView.swift; sourceTree = "<group>"; };
		B3580E472902653A00D3491E /* BaseViewController.swift */ = {isa = PBXFileReference; lastKnownFileType = sourcecode.swift; path = BaseViewController.swift; sourceTree = "<group>"; };
		B3580E49290282AA00D3491E /* CustomTableViewController.swift */ = {isa = PBXFileReference; lastKnownFileType = sourcecode.swift; path = CustomTableViewController.swift; sourceTree = "<group>"; };
		B3580E4C290282D200D3491E /* CustomTableView.swift */ = {isa = PBXFileReference; lastKnownFileType = sourcecode.swift; path = CustomTableView.swift; sourceTree = "<group>"; };
		B389161929076B4B003AE1AC /* CustomTableViewCell.swift */ = {isa = PBXFileReference; lastKnownFileType = sourcecode.swift; path = CustomTableViewCell.swift; sourceTree = "<group>"; };
		B389161B29079FA8003AE1AC /* ExpandableViewController.swift */ = {isa = PBXFileReference; lastKnownFileType = sourcecode.swift; path = ExpandableViewController.swift; sourceTree = "<group>"; };
		B389161D29079FF0003AE1AC /* ExpandableTableView.swift */ = {isa = PBXFileReference; lastKnownFileType = sourcecode.swift; path = ExpandableTableView.swift; sourceTree = "<group>"; };
		B389161F2907A11B003AE1AC /* ExpandableCellData.swift */ = {isa = PBXFileReference; lastKnownFileType = sourcecode.swift; path = ExpandableCellData.swift; sourceTree = "<group>"; };
		B38916212907A6F7003AE1AC /* ExpandableTableViewCell.swift */ = {isa = PBXFileReference; lastKnownFileType = sourcecode.swift; path = ExpandableTableViewCell.swift; sourceTree = "<group>"; };
		B38916252908C746003AE1AC /* PermissionViewController.swift */ = {isa = PBXFileReference; lastKnownFileType = sourcecode.swift; path = PermissionViewController.swift; sourceTree = "<group>"; };
		B38916272908C755003AE1AC /* PermissionView.swift */ = {isa = PBXFileReference; lastKnownFileType = sourcecode.swift; path = PermissionView.swift; sourceTree = "<group>"; };
		B389162C290A63D7003AE1AC /* CameraViewController.swift */ = {isa = PBXFileReference; lastKnownFileType = sourcecode.swift; path = CameraViewController.swift; sourceTree = "<group>"; };
		B389162E290A66C5003AE1AC /* CameraView.swift */ = {isa = PBXFileReference; lastKnownFileType = sourcecode.swift; path = CameraView.swift; sourceTree = "<group>"; };
		B3891630290BBEB9003AE1AC /* GalleryView.swift */ = {isa = PBXFileReference; lastKnownFileType = sourcecode.swift; path = GalleryView.swift; sourceTree = "<group>"; };
		B3891632290BBECB003AE1AC /* GalleryViewController.swift */ = {isa = PBXFileReference; lastKnownFileType = sourcecode.swift; path = GalleryViewController.swift; sourceTree = "<group>"; };
		B3B9BC5028FCE0C4001254FC /* WebKit.framework */ = {isa = PBXFileReference; lastKnownFileType = wrapper.framework; name = WebKit.framework; path = System/Library/Frameworks/WebKit.framework; sourceTree = SDKROOT; };
		B3B9BC5328FD357B001254FC /* MainViewController+WKNavigationDelegate.swift */ = {isa = PBXFileReference; lastKnownFileType = sourcecode.swift; path = "MainViewController+WKNavigationDelegate.swift"; sourceTree = "<group>"; };
		B3B9BC5528FD3C93001254FC /* MainViewController+WKUIDelegate.swift */ = {isa = PBXFileReference; lastKnownFileType = sourcecode.swift; path = "MainViewController+WKUIDelegate.swift"; sourceTree = "<group>"; };
		B3B9BC5928FE83B3001254FC /* IntroView.swift */ = {isa = PBXFileReference; lastKnownFileType = sourcecode.swift; path = IntroView.swift; sourceTree = "<group>"; };
		B3B9BC5B28FF80BC001254FC /* MainView.swift */ = {isa = PBXFileReference; lastKnownFileType = sourcecode.swift; path = MainView.swift; sourceTree = "<group>"; };
		B3B9BC5E28FFB1F7001254FC /* WebView.swift */ = {isa = PBXFileReference; lastKnownFileType = sourcecode.swift; path = WebView.swift; sourceTree = "<group>"; };
		B3B9BC6028FFCA27001254FC /* SubViewController.swift */ = {isa = PBXFileReference; lastKnownFileType = sourcecode.swift; path = SubViewController.swift; sourceTree = "<group>"; };
		B3B9BC6228FFCA47001254FC /* SubView.swift */ = {isa = PBXFileReference; lastKnownFileType = sourcecode.swift; path = SubView.swift; sourceTree = "<group>"; };
		B3B9BC67290136D5001254FC /* WKWebViewConfiguration.swift */ = {isa = PBXFileReference; lastKnownFileType = sourcecode.swift; path = WKWebViewConfiguration.swift; sourceTree = "<group>"; };
/* End PBXFileReference section */

/* Begin PBXFrameworksBuildPhase section */
		B346B68F28F9459B009F5533 /* Frameworks */ = {
			isa = PBXFrameworksBuildPhase;
			buildActionMask = 2147483647;
			files = (
			);
			runOnlyForDeploymentPostprocessing = 0;
		};
/* End PBXFrameworksBuildPhase section */

/* Begin PBXGroup section */
		B346B68928F9459B009F5533 = {
			isa = PBXGroup;
			children = (
				B346B69428F9459B009F5533 /* webView_swift */,
				B346B69328F9459B009F5533 /* Products */,
				B3B9BC4F28FCE0C3001254FC /* Frameworks */,
			);
			sourceTree = "<group>";
		};
		B346B69328F9459B009F5533 /* Products */ = {
			isa = PBXGroup;
			children = (
				B346B69228F9459B009F5533 /* webView_swift.app */,
			);
			name = Products;
			sourceTree = "<group>";
		};
		B346B69428F9459B009F5533 /* webView_swift */ = {
			isa = PBXGroup;
			children = (
				B3B9BC6929013739001254FC /* App */,
				B3B9BC6A29022EAC001254FC /* Base */,
				B3B9BC6E29022F1D001254FC /* Intro */,
				B3B9BC6B29022EE9001254FC /* Main */,
				B3B9BC662901367C001254FC /* Extension */,
				B3B9BC6C29022EF0001254FC /* WebView */,
				B3B9BC6D29022F0C001254FC /* Sub */,
				B3580E3B2902637700D3491E /* Table */,
				B38916232908C509003AE1AC /* Permission */,
				B3891629290A6314003AE1AC /* Photo */,
				B346B69E28F9459D009F5533 /* Assets.xcassets */,
				B346B6A028F9459D009F5533 /* LaunchScreen.storyboard */,
				B346B6A328F9459D009F5533 /* Info.plist */,
			);
			path = webView_swift;
			sourceTree = "<group>";
		};
		B3580E3B2902637700D3491E /* Table */ = {
			isa = PBXGroup;
			children = (
				B3580E3C2902639A00D3491E /* Basic */,
				B3580E3D290263A500D3491E /* Custom */,
				B3580E3E290263AD00D3491E /* Expandable */,
			);
			path = Table;
			sourceTree = "<group>";
		};
		B3580E3C2902639A00D3491E /* Basic */ = {
			isa = PBXGroup;
			children = (
				B3580E3F2902643500D3491E /* BasicTableViewController.swift */,
				B3580E432902651400D3491E /* BasicTableView.swift */,
			);
			path = Basic;
			sourceTree = "<group>";
		};
		B3580E3D290263A500D3491E /* Custom */ = {
			isa = PBXGroup;
			children = (
				B3580E49290282AA00D3491E /* CustomTableViewController.swift */,
				B3580E4C290282D200D3491E /* CustomTableView.swift */,
				B389161929076B4B003AE1AC /* CustomTableViewCell.swift */,
			);
			path = Custom;
			sourceTree = "<group>";
		};
		B3580E3E290263AD00D3491E /* Expandable */ = {
			isa = PBXGroup;
			children = (
				B389161B29079FA8003AE1AC /* ExpandableViewController.swift */,
				B389161D29079FF0003AE1AC /* ExpandableTableView.swift */,
				B38916212907A6F7003AE1AC /* ExpandableTableViewCell.swift */,
				B389161F2907A11B003AE1AC /* ExpandableCellData.swift */,
			);
			path = Expandable;
			sourceTree = "<group>";
		};
		B38916232908C509003AE1AC /* Permission */ = {
			isa = PBXGroup;
			children = (
				B38916252908C746003AE1AC /* PermissionViewController.swift */,
				B38916272908C755003AE1AC /* PermissionView.swift */,
			);
			path = Permission;
			sourceTree = "<group>";
		};
		B3891629290A6314003AE1AC /* Photo */ = {
			isa = PBXGroup;
			children = (
				B389162B290A637D003AE1AC /* Gallery */,
				B389162A290A6373003AE1AC /* Camera */,
			);
			path = Photo;
			sourceTree = "<group>";
		};
		B389162A290A6373003AE1AC /* Camera */ = {
			isa = PBXGroup;
			children = (
				B389162C290A63D7003AE1AC /* CameraViewController.swift */,
				B389162E290A66C5003AE1AC /* CameraView.swift */,
			);
			path = Camera;
			sourceTree = "<group>";
		};
		B389162B290A637D003AE1AC /* Gallery */ = {
			isa = PBXGroup;
			children = (
				B3891630290BBEB9003AE1AC /* GalleryView.swift */,
				B3891632290BBECB003AE1AC /* GalleryViewController.swift */,
			);
			path = Gallery;
			sourceTree = "<group>";
		};
		B3B9BC4F28FCE0C3001254FC /* Frameworks */ = {
			isa = PBXGroup;
			children = (
				B3B9BC5028FCE0C4001254FC /* WebKit.framework */,
			);
			name = Frameworks;
			sourceTree = "<group>";
		};
		B3B9BC662901367C001254FC /* Extension */ = {
			isa = PBXGroup;
			children = (
				B3B9BC67290136D5001254FC /* WKWebViewConfiguration.swift */,
			);
			path = Extension;
			sourceTree = "<group>";
		};
		B3B9BC6929013739001254FC /* App */ = {
			isa = PBXGroup;
			children = (
				B346B69528F9459B009F5533 /* AppDelegate.swift */,
				B346B69728F9459B009F5533 /* SceneDelegate.swift */,
			);
			path = App;
			sourceTree = "<group>";
		};
		B3B9BC6A29022EAC001254FC /* Base */ = {
			isa = PBXGroup;
			children = (
				B3580E452902652800D3491E /* BaseView.swift */,
				B3580E472902653A00D3491E /* BaseViewController.swift */,
			);
			path = Base;
			sourceTree = "<group>";
		};
		B3B9BC6B29022EE9001254FC /* Main */ = {
			isa = PBXGroup;
			children = (
				B3B9BC6F29022F47001254FC /* Extension */,
				B3B9BC5B28FF80BC001254FC /* MainView.swift */,
				B346B69928F9459B009F5533 /* MainViewController.swift */,
			);
			path = Main;
			sourceTree = "<group>";
		};
		B3B9BC6C29022EF0001254FC /* WebView */ = {
			isa = PBXGroup;
			children = (
				B3B9BC5E28FFB1F7001254FC /* WebView.swift */,
			);
			path = WebView;
			sourceTree = "<group>";
		};
		B3B9BC6D29022F0C001254FC /* Sub */ = {
			isa = PBXGroup;
			children = (
				B3B9BC6228FFCA47001254FC /* SubView.swift */,
				B3B9BC6028FFCA27001254FC /* SubViewController.swift */,
			);
			path = Sub;
			sourceTree = "<group>";
		};
		B3B9BC6E29022F1D001254FC /* Intro */ = {
			isa = PBXGroup;
			children = (
				B3B9BC5928FE83B3001254FC /* IntroView.swift */,
			);
			path = Intro;
			sourceTree = "<group>";
		};
		B3B9BC6F29022F47001254FC /* Extension */ = {
			isa = PBXGroup;
			children = (
				B3B9BC5328FD357B001254FC /* MainViewController+WKNavigationDelegate.swift */,
				B3B9BC5528FD3C93001254FC /* MainViewController+WKUIDelegate.swift */,
			);
			path = Extension;
			sourceTree = "<group>";
		};
/* End PBXGroup section */

/* Begin PBXNativeTarget section */
		B346B69128F9459B009F5533 /* webView_swift */ = {
			isa = PBXNativeTarget;
			buildConfigurationList = B346B6A628F9459D009F5533 /* Build configuration list for PBXNativeTarget "webView_swift" */;
			buildPhases = (
				B346B68E28F9459B009F5533 /* Sources */,
				B346B68F28F9459B009F5533 /* Frameworks */,
				B346B69028F9459B009F5533 /* Resources */,
			);
			buildRules = (
			);
			dependencies = (
			);
			name = webView_swift;
			productName = webView_swift;
			productReference = B346B69228F9459B009F5533 /* webView_swift.app */;
			productType = "com.apple.product-type.application";
		};
/* End PBXNativeTarget section */

/* Begin PBXProject section */
		B346B68A28F9459B009F5533 /* Project object */ = {
			isa = PBXProject;
			attributes = {
				BuildIndependentTargetsInParallel = 1;
				LastSwiftUpdateCheck = 1400;
				LastUpgradeCheck = 1400;
				TargetAttributes = {
					B346B69128F9459B009F5533 = {
						CreatedOnToolsVersion = 14.0.1;
					};
				};
			};
			buildConfigurationList = B346B68D28F9459B009F5533 /* Build configuration list for PBXProject "webView_swift" */;
			compatibilityVersion = "Xcode 14.0";
			developmentRegion = en;
			hasScannedForEncodings = 0;
			knownRegions = (
				en,
				Base,
			);
			mainGroup = B346B68928F9459B009F5533;
			productRefGroup = B346B69328F9459B009F5533 /* Products */;
			projectDirPath = "";
			projectRoot = "";
			targets = (
				B346B69128F9459B009F5533 /* webView_swift */,
			);
		};
/* End PBXProject section */

/* Begin PBXResourcesBuildPhase section */
		B346B69028F9459B009F5533 /* Resources */ = {
			isa = PBXResourcesBuildPhase;
			buildActionMask = 2147483647;
			files = (
				B346B6A228F9459D009F5533 /* LaunchScreen.storyboard in Resources */,
				B346B69F28F9459D009F5533 /* Assets.xcassets in Resources */,
			);
			runOnlyForDeploymentPostprocessing = 0;
		};
/* End PBXResourcesBuildPhase section */

/* Begin PBXSourcesBuildPhase section */
		B346B68E28F9459B009F5533 /* Sources */ = {
			isa = PBXSourcesBuildPhase;
			buildActionMask = 2147483647;
			files = (
				B389161A29076B4B003AE1AC /* CustomTableViewCell.swift in Sources */,
				B3891633290BBECB003AE1AC /* GalleryViewController.swift in Sources */,
				B389161C29079FA8003AE1AC /* ExpandableViewController.swift in Sources */,
				B3B9BC5A28FE83B3001254FC /* IntroView.swift in Sources */,
				B38916282908C755003AE1AC /* PermissionView.swift in Sources */,
				B38916262908C746003AE1AC /* PermissionViewController.swift in Sources */,
				B389161E29079FF0003AE1AC /* ExpandableTableView.swift in Sources */,
				B3580E402902643500D3491E /* BasicTableViewController.swift in Sources */,
				B3B9BC5F28FFB1F7001254FC /* WebView.swift in Sources */,
				B3B9BC5C28FF80BC001254FC /* MainView.swift in Sources */,
				B346B69A28F9459B009F5533 /* MainViewController.swift in Sources */,
				B3580E482902653A00D3491E /* BaseViewController.swift in Sources */,
				B346B69628F9459B009F5533 /* AppDelegate.swift in Sources */,
				B3580E4D290282D200D3491E /* CustomTableView.swift in Sources */,
				B346B69828F9459B009F5533 /* SceneDelegate.swift in Sources */,
				B3580E442902651400D3491E /* BasicTableView.swift in Sources */,
				B389162F290A66C5003AE1AC /* CameraView.swift in Sources */,
				B38916222907A6F7003AE1AC /* ExpandableTableViewCell.swift in Sources */,
				B389162D290A63D7003AE1AC /* CameraViewController.swift in Sources */,
				B3B9BC6128FFCA27001254FC /* SubViewController.swift in Sources */,
				B3B9BC5628FD3C93001254FC /* MainViewController+WKUIDelegate.swift in Sources */,
				B38916202907A11B003AE1AC /* ExpandableCellData.swift in Sources */,
				B3B9BC5428FD357B001254FC /* MainViewController+WKNavigationDelegate.swift in Sources */,
				B3580E4A290282AA00D3491E /* CustomTableViewController.swift in Sources */,
				B3580E462902652800D3491E /* BaseView.swift in Sources */,
				B3B9BC6328FFCA47001254FC /* SubView.swift in Sources */,
				B3891631290BBEB9003AE1AC /* GalleryView.swift in Sources */,
				B3B9BC68290136D5001254FC /* WKWebViewConfiguration.swift in Sources */,
			);
			runOnlyForDeploymentPostprocessing = 0;
		};
/* End PBXSourcesBuildPhase section */

/* Begin PBXVariantGroup section */
		B346B6A028F9459D009F5533 /* LaunchScreen.storyboard */ = {
			isa = PBXVariantGroup;
			children = (
				B346B6A128F9459D009F5533 /* Base */,
			);
			name = LaunchScreen.storyboard;
			sourceTree = "<group>";
		};
/* End PBXVariantGroup section */

/* Begin XCBuildConfiguration section */
		B346B6A428F9459D009F5533 /* Debug */ = {
			isa = XCBuildConfiguration;
			buildSettings = {
				ALWAYS_SEARCH_USER_PATHS = NO;
				CLANG_ANALYZER_NONNULL = YES;
				CLANG_ANALYZER_NUMBER_OBJECT_CONVERSION = YES_AGGRESSIVE;
				CLANG_CXX_LANGUAGE_STANDARD = "gnu++20";
				CLANG_ENABLE_MODULES = YES;
				CLANG_ENABLE_OBJC_ARC = YES;
				CLANG_ENABLE_OBJC_WEAK = YES;
				CLANG_WARN_BLOCK_CAPTURE_AUTORELEASING = YES;
				CLANG_WARN_BOOL_CONVERSION = YES;
				CLANG_WARN_COMMA = YES;
				CLANG_WARN_CONSTANT_CONVERSION = YES;
				CLANG_WARN_DEPRECATED_OBJC_IMPLEMENTATIONS = YES;
				CLANG_WARN_DIRECT_OBJC_ISA_USAGE = YES_ERROR;
				CLANG_WARN_DOCUMENTATION_COMMENTS = YES;
				CLANG_WARN_EMPTY_BODY = YES;
				CLANG_WARN_ENUM_CONVERSION = YES;
				CLANG_WARN_INFINITE_RECURSION = YES;
				CLANG_WARN_INT_CONVERSION = YES;
				CLANG_WARN_NON_LITERAL_NULL_CONVERSION = YES;
				CLANG_WARN_OBJC_IMPLICIT_RETAIN_SELF = YES;
				CLANG_WARN_OBJC_LITERAL_CONVERSION = YES;
				CLANG_WARN_OBJC_ROOT_CLASS = YES_ERROR;
				CLANG_WARN_QUOTED_INCLUDE_IN_FRAMEWORK_HEADER = YES;
				CLANG_WARN_RANGE_LOOP_ANALYSIS = YES;
				CLANG_WARN_STRICT_PROTOTYPES = YES;
				CLANG_WARN_SUSPICIOUS_MOVE = YES;
				CLANG_WARN_UNGUARDED_AVAILABILITY = YES_AGGRESSIVE;
				CLANG_WARN_UNREACHABLE_CODE = YES;
				CLANG_WARN__DUPLICATE_METHOD_MATCH = YES;
				COPY_PHASE_STRIP = NO;
				DEBUG_INFORMATION_FORMAT = dwarf;
				ENABLE_STRICT_OBJC_MSGSEND = YES;
				ENABLE_TESTABILITY = YES;
				GCC_C_LANGUAGE_STANDARD = gnu11;
				GCC_DYNAMIC_NO_PIC = NO;
				GCC_NO_COMMON_BLOCKS = YES;
				GCC_OPTIMIZATION_LEVEL = 0;
				GCC_PREPROCESSOR_DEFINITIONS = (
					"DEBUG=1",
					"$(inherited)",
				);
				GCC_WARN_64_TO_32_BIT_CONVERSION = YES;
				GCC_WARN_ABOUT_RETURN_TYPE = YES_ERROR;
				GCC_WARN_UNDECLARED_SELECTOR = YES;
				GCC_WARN_UNINITIALIZED_AUTOS = YES_AGGRESSIVE;
				GCC_WARN_UNUSED_FUNCTION = YES;
				GCC_WARN_UNUSED_VARIABLE = YES;
				IPHONEOS_DEPLOYMENT_TARGET = 15.2;
				MTL_ENABLE_DEBUG_INFO = INCLUDE_SOURCE;
				MTL_FAST_MATH = YES;
				ONLY_ACTIVE_ARCH = YES;
				SDKROOT = iphoneos;
				SWIFT_ACTIVE_COMPILATION_CONDITIONS = DEBUG;
				SWIFT_OPTIMIZATION_LEVEL = "-Onone";
			};
			name = Debug;
		};
		B346B6A528F9459D009F5533 /* Release */ = {
			isa = XCBuildConfiguration;
			buildSettings = {
				ALWAYS_SEARCH_USER_PATHS = NO;
				CLANG_ANALYZER_NONNULL = YES;
				CLANG_ANALYZER_NUMBER_OBJECT_CONVERSION = YES_AGGRESSIVE;
				CLANG_CXX_LANGUAGE_STANDARD = "gnu++20";
				CLANG_ENABLE_MODULES = YES;
				CLANG_ENABLE_OBJC_ARC = YES;
				CLANG_ENABLE_OBJC_WEAK = YES;
				CLANG_WARN_BLOCK_CAPTURE_AUTORELEASING = YES;
				CLANG_WARN_BOOL_CONVERSION = YES;
				CLANG_WARN_COMMA = YES;
				CLANG_WARN_CONSTANT_CONVERSION = YES;
				CLANG_WARN_DEPRECATED_OBJC_IMPLEMENTATIONS = YES;
				CLANG_WARN_DIRECT_OBJC_ISA_USAGE = YES_ERROR;
				CLANG_WARN_DOCUMENTATION_COMMENTS = YES;
				CLANG_WARN_EMPTY_BODY = YES;
				CLANG_WARN_ENUM_CONVERSION = YES;
				CLANG_WARN_INFINITE_RECURSION = YES;
				CLANG_WARN_INT_CONVERSION = YES;
				CLANG_WARN_NON_LITERAL_NULL_CONVERSION = YES;
				CLANG_WARN_OBJC_IMPLICIT_RETAIN_SELF = YES;
				CLANG_WARN_OBJC_LITERAL_CONVERSION = YES;
				CLANG_WARN_OBJC_ROOT_CLASS = YES_ERROR;
				CLANG_WARN_QUOTED_INCLUDE_IN_FRAMEWORK_HEADER = YES;
				CLANG_WARN_RANGE_LOOP_ANALYSIS = YES;
				CLANG_WARN_STRICT_PROTOTYPES = YES;
				CLANG_WARN_SUSPICIOUS_MOVE = YES;
				CLANG_WARN_UNGUARDED_AVAILABILITY = YES_AGGRESSIVE;
				CLANG_WARN_UNREACHABLE_CODE = YES;
				CLANG_WARN__DUPLICATE_METHOD_MATCH = YES;
				COPY_PHASE_STRIP = NO;
				DEBUG_INFORMATION_FORMAT = "dwarf-with-dsym";
				ENABLE_NS_ASSERTIONS = NO;
				ENABLE_STRICT_OBJC_MSGSEND = YES;
				GCC_C_LANGUAGE_STANDARD = gnu11;
				GCC_NO_COMMON_BLOCKS = YES;
				GCC_WARN_64_TO_32_BIT_CONVERSION = YES;
				GCC_WARN_ABOUT_RETURN_TYPE = YES_ERROR;
				GCC_WARN_UNDECLARED_SELECTOR = YES;
				GCC_WARN_UNINITIALIZED_AUTOS = YES_AGGRESSIVE;
				GCC_WARN_UNUSED_FUNCTION = YES;
				GCC_WARN_UNUSED_VARIABLE = YES;
				IPHONEOS_DEPLOYMENT_TARGET = 15.2;
				MTL_ENABLE_DEBUG_INFO = NO;
				MTL_FAST_MATH = YES;
				SDKROOT = iphoneos;
				SWIFT_COMPILATION_MODE = wholemodule;
				SWIFT_OPTIMIZATION_LEVEL = "-O";
				VALIDATE_PRODUCT = YES;
			};
			name = Release;
		};
		B346B6A728F9459D009F5533 /* Debug */ = {
			isa = XCBuildConfiguration;
			buildSettings = {
				ASSETCATALOG_COMPILER_APPICON_NAME = AppIcon;
				ASSETCATALOG_COMPILER_GLOBAL_ACCENT_COLOR_NAME = AccentColor;
				CODE_SIGN_STYLE = Automatic;
				CURRENT_PROJECT_VERSION = 1;
				DEVELOPMENT_TEAM = 2DBARTRT37;
				GENERATE_INFOPLIST_FILE = YES;
				INFOPLIST_FILE = webView_swift/Info.plist;
				INFOPLIST_KEY_UIApplicationSupportsIndirectInputEvents = YES;
				INFOPLIST_KEY_UILaunchStoryboardName = LaunchScreen;
				INFOPLIST_KEY_UIStatusBarStyle = "";
				INFOPLIST_KEY_UISupportedInterfaceOrientations = UIInterfaceOrientationPortrait;
				INFOPLIST_KEY_UIUserInterfaceStyle = Light;
				IPHONEOS_DEPLOYMENT_TARGET = 15.0;
				LD_RUNPATH_SEARCH_PATHS = (
					"$(inherited)",
					"@executable_path/Frameworks",
				);
				MARKETING_VERSION = 1.0;
				PRODUCT_BUNDLE_IDENTIFIER = "com.wony.webView-swift";
				PRODUCT_NAME = "$(TARGET_NAME)";
				SWIFT_EMIT_LOC_STRINGS = YES;
				SWIFT_VERSION = 5.0;
				TARGETED_DEVICE_FAMILY = "1,2";
			};
			name = Debug;
		};
		B346B6A828F9459D009F5533 /* Release */ = {
			isa = XCBuildConfiguration;
			buildSettings = {
				ASSETCATALOG_COMPILER_APPICON_NAME = AppIcon;
				ASSETCATALOG_COMPILER_GLOBAL_ACCENT_COLOR_NAME = AccentColor;
				CODE_SIGN_STYLE = Automatic;
				CURRENT_PROJECT_VERSION = 1;
				DEVELOPMENT_TEAM = 2DBARTRT37;
				GENERATE_INFOPLIST_FILE = YES;
				INFOPLIST_FILE = webView_swift/Info.plist;
				INFOPLIST_KEY_UIApplicationSupportsIndirectInputEvents = YES;
				INFOPLIST_KEY_UILaunchStoryboardName = LaunchScreen;
				INFOPLIST_KEY_UIStatusBarStyle = "";
				INFOPLIST_KEY_UISupportedInterfaceOrientations = UIInterfaceOrientationPortrait;
				INFOPLIST_KEY_UIUserInterfaceStyle = Light;
				IPHONEOS_DEPLOYMENT_TARGET = 15.0;
				LD_RUNPATH_SEARCH_PATHS = (
					"$(inherited)",
					"@executable_path/Frameworks",
				);
				MARKETING_VERSION = 1.0;
				PRODUCT_BUNDLE_IDENTIFIER = "com.wony.webView-swift";
				PRODUCT_NAME = "$(TARGET_NAME)";
				SWIFT_EMIT_LOC_STRINGS = YES;
				SWIFT_VERSION = 5.0;
				TARGETED_DEVICE_FAMILY = "1,2";
			};
			name = Release;
		};
/* End XCBuildConfiguration section */

/* Begin XCConfigurationList section */
		B346B68D28F9459B009F5533 /* Build configuration list for PBXProject "webView_swift" */ = {
			isa = XCConfigurationList;
			buildConfigurations = (
				B346B6A428F9459D009F5533 /* Debug */,
				B346B6A528F9459D009F5533 /* Release */,
			);
			defaultConfigurationIsVisible = 0;
			defaultConfigurationName = Release;
		};
		B346B6A628F9459D009F5533 /* Build configuration list for PBXNativeTarget "webView_swift" */ = {
			isa = XCConfigurationList;
			buildConfigurations = (
				B346B6A728F9459D009F5533 /* Debug */,
				B346B6A828F9459D009F5533 /* Release */,
			);
			defaultConfigurationIsVisible = 0;
			defaultConfigurationName = Release;
		};
/* End XCConfigurationList section */
	};
	rootObject = B346B68A28F9459B009F5533 /* Project object */;
}
